Microsoft Visual Studio Solution File, Format Version 11.00
# Visual Studio 2008

Project("{5618EDC2-5751-07E0-1267-7FB43A7DD088}") = "SandCastle", "Assembly-CSharp.csproj", "{6255FF51-C10D-5DBD-6A8C-FD00F38E54DC}"
EndProject
Global
	GlobalSection(SolutionConfigurationPlatforms) = preSolution
		Debug|Any CPU = Debug|Any CPU
		Release|Any CPU = Release|Any CPU
	EndGlobalSection
	GlobalSection(ProjectConfigurationPlatforms) = postSolution
		{6255FF51-C10D-5DBD-6A8C-FD00F38E54DC}.Debug|Any CPU.ActiveCfg = Debug|Any CPU
		{6255FF51-C10D-5DBD-6A8C-FD00F38E54DC}.Debug|Any CPU.Build.0 = Debug|Any CPU
		{6255FF51-C10D-5DBD-6A8C-FD00F38E54DC}.Release|Any CPU.ActiveCfg = Release|Any CPU
		{6255FF51-C10D-5DBD-6A8C-FD00F38E54DC}.Release|Any CPU.Build.0 = Release|Any CPU
	EndGlobalSection
	GlobalSection(SolutionProperties) = preSolution
		HideSolutionNode = FALSE
	EndGlobalSection
	GlobalSection(MonoDevelopProperties) = preSolution
		StartupItem = Assembly-CSharp.csproj
	EndGlobalSection
EndGlobal
